
Microsoft Visual Studio Solution File, Format Version 12.00
# Visual Studio Version 16
VisualStudioVersion = 16.0.30524.135
MinimumVisualStudioVersion = 10.0.40219.1
Project("{FAE04EC0-301F-11D3-BF4B-00C04F79EFBC}") = "SuShuYinZi", "homework1\SuShuYinZi.csproj", "{67A58E24-5D4F-411B-AD6A-BE57CCB92428}"
EndProject
Project("{FAE04EC0-301F-11D3-BF4B-00C04F79EFBC}") = "array", "array\array.csproj", "{9DF20899-FE68-494C-BAA3-954A45F3AAFF}"
EndProject
Project("{FAE04EC0-301F-11D3-BF4B-00C04F79EFBC}") = "AiShiShaiFa", "AiShiShaiFa\AiShiShaiFa.csproj", "{958CF177-E0E2-45F2-BE5C-99B9EAE82F8A}"
EndProject
Project("{FAE04EC0-301F-11D3-BF4B-00C04F79EFBC}") = "matrix", "matrix\matrix.csproj", "{84678FB2-7A50-4688-A051-610E1AF39216}"
EndProject
Project("{FAE04EC0-301F-11D3-BF4B-00C04F79EFBC}") = "shape", "shape\shape.csproj", "{97446ABE-6523-453C-B284-C2708EA976F9}"
EndProject
Project("{FAE04EC0-301F-11D3-BF4B-00C04F79EFBC}") = "genericlist", "genericlist\genericlist.csproj", "{BF70A522-383F-4877-B359-ACAD4460DF63}"
EndProject
Project("{FAE04EC0-301F-11D3-BF4B-00C04F79EFBC}") = "clock", "clock\clock.csproj", "{1FC92ED3-F200-4612-A889-A32C1D9FA841}"
EndProject
Project("{FAE04EC0-301F-11D3-BF4B-00C04F79EFBC}") = "homework3", "homework3\homework3.csproj", "{28C613B3-88EF-48B2-8E7B-6C3AD8A90266}"
EndProject
Project("{FAE04EC0-301F-11D3-BF4B-00C04F79EFBC}") = "UnitTestProject1", "UnitTestProject1\UnitTestProject1.csproj", "{D20BAD6D-110A-408F-94F0-1FE09CEB1DBD}"
EndProject
Project("{FAE04EC0-301F-11D3-BF4B-00C04F79EFBC}") = "homework4", "homework4\homework4.csproj", "{44CD1C7C-EB14-4A4B-9E06-434DD75133F3}"
EndProject
Project("{FAE04EC0-301F-11D3-BF4B-00C04F79EFBC}") = "OrderManageWinform", "OrderManageWinform\OrderManageWinform.csproj", "{8FEB75AF-DC6B-4AB3-B26D-96EB0BBE94B7}"
	ProjectSection(ProjectDependencies) = postProject
		{28C613B3-88EF-48B2-8E7B-6C3AD8A90266} = {28C613B3-88EF-48B2-8E7B-6C3AD8A90266}
	EndProjectSection
EndProject
Project("{FAE04EC0-301F-11D3-BF4B-00C04F79EFBC}") = "homework5", "webcralwer\homework5.csproj", "{230B9BCE-94AA-4C38-8AA4-84961BA93516}"
EndProject
Project("{FAE04EC0-301F-11D3-BF4B-00C04F79EFBC}") = "homework6", "homework6\homework6\homework6.csproj", "{A77CFC4A-C4AF-43F1-AAE0-E9D99AD4A8B7}"
EndProject
Project("{9A19103F-16F7-4668-BE54-9A1E7A4F7556}") = "OrderApi", "homework6\OrderApi\OrderApi.csproj", "{37BD11E6-F28B-454E-A4B6-0FD9B534762D}"
EndProject
Global
	GlobalSection(SolutionConfigurationPlatforms) = preSolution
		Debug|Any CPU = Debug|Any CPU
		Release|Any CPU = Release|Any CPU
	EndGlobalSection
	GlobalSection(ProjectConfigurationPlatforms) = postSolution
		{67A58E24-5D4F-411B-AD6A-BE57CCB92428}.Debug|Any CPU.ActiveCfg = Debug|Any CPU
		{67A58E24-5D4F-411B-AD6A-BE57CCB92428}.Debug|Any CPU.Build.0 = Debug|Any CPU
		{67A58E24-5D4F-411B-AD6A-BE57CCB92428}.Release|Any CPU.ActiveCfg = Release|Any CPU
		{67A58E24-5D4F-411B-AD6A-BE57CCB92428}.Release|Any CPU.Build.0 = Release|Any CPU
		{9DF20899-FE68-494C-BAA3-954A45F3AAFF}.Debug|Any CPU.ActiveCfg = Debug|Any CPU
		{9DF20899-FE68-494C-BAA3-954A45F3AAFF}.Debug|Any CPU.Build.0 = Debug|Any CPU
		{9DF20899-FE68-494C-BAA3-954A45F3AAFF}.Release|Any CPU.ActiveCfg = Release|Any CPU
		{9DF20899-FE68-494C-BAA3-954A45F3AAFF}.Release|Any CPU.Build.0 = Release|Any CPU
		{958CF177-E0E2-45F2-BE5C-99B9EAE82F8A}.Debug|Any CPU.ActiveCfg = Debug|Any CPU
		{958CF177-E0E2-45F2-BE5C-99B9EAE82F8A}.Debug|Any CPU.Build.0 = Debug|Any CPU
		{958CF177-E0E2-45F2-BE5C-99B9EAE82F8A}.Release|Any CPU.ActiveCfg = Release|Any CPU
		{958CF177-E0E2-45F2-BE5C-99B9EAE82F8A}.Release|Any CPU.Build.0 = Release|Any CPU
		{84678FB2-7A50-4688-A051-610E1AF39216}.Debug|Any CPU.ActiveCfg = Debug|Any CPU
		{84678FB2-7A50-4688-A051-610E1AF39216}.Debug|Any CPU.Build.0 = Debug|Any CPU
		{84678FB2-7A50-4688-A051-610E1AF39216}.Release|Any CPU.ActiveCfg = Release|Any CPU
		{84678FB2-7A50-4688-A051-610E1AF39216}.Release|Any CPU.Build.0 = Release|Any CPU
		{97446ABE-6523-453C-B284-C2708EA976F9}.Debug|Any CPU.ActiveCfg = Debug|Any CPU
		{97446ABE-6523-453C-B284-C2708EA976F9}.Debug|Any CPU.Build.0 = Debug|Any CPU
		{97446ABE-6523-453C-B284-C2708EA976F9}.Release|Any CPU.ActiveCfg = Release|Any CPU
		{97446ABE-6523-453C-B284-C2708EA976F9}.Release|Any CPU.Build.0 = Release|Any CPU
		{BF70A522-383F-4877-B359-ACAD4460DF63}.Debug|Any CPU.ActiveCfg = Debug|Any CPU
		{BF70A522-383F-4877-B359-ACAD4460DF63}.Debug|Any CPU.Build.0 = Debug|Any CPU
		{BF70A522-383F-4877-B359-ACAD4460DF63}.Release|Any CPU.ActiveCfg = Release|Any CPU
		{BF70A522-383F-4877-B359-ACAD4460DF63}.Release|Any CPU.Build.0 = Release|Any CPU
		{1FC92ED3-F200-4612-A889-A32C1D9FA841}.Debug|Any CPU.ActiveCfg = Debug|Any CPU
		{1FC92ED3-F200-4612-A889-A32C1D9FA841}.Debug|Any CPU.Build.0 = Debug|Any CPU
		{1FC92ED3-F200-4612-A889-A32C1D9FA841}.Release|Any CPU.ActiveCfg = Release|Any CPU
		{1FC92ED3-F200-4612-A889-A32C1D9FA841}.Release|Any CPU.Build.0 = Release|Any CPU
		{28C613B3-88EF-48B2-8E7B-6C3AD8A90266}.Debug|Any CPU.ActiveCfg = Debug|Any CPU
		{28C613B3-88EF-48B2-8E7B-6C3AD8A90266}.Debug|Any CPU.Build.0 = Debug|Any CPU
		{28C613B3-88EF-48B2-8E7B-6C3AD8A90266}.Release|Any CPU.ActiveCfg = Release|Any CPU
		{28C613B3-88EF-48B2-8E7B-6C3AD8A90266}.Release|Any CPU.Build.0 = Release|Any CPU
		{D20BAD6D-110A-408F-94F0-1FE09CEB1DBD}.Debug|Any CPU.ActiveCfg = Debug|Any CPU
		{D20BAD6D-110A-408F-94F0-1FE09CEB1DBD}.Debug|Any CPU.Build.0 = Debug|Any CPU
		{D20BAD6D-110A-408F-94F0-1FE09CEB1DBD}.Release|Any CPU.ActiveCfg = Release|Any CPU
		{D20BAD6D-110A-408F-94F0-1FE09CEB1DBD}.Release|Any CPU.Build.0 = Release|Any CPU
		{44CD1C7C-EB14-4A4B-9E06-434DD75133F3}.Debug|Any CPU.ActiveCfg = Debug|Any CPU
		{44CD1C7C-EB14-4A4B-9E06-434DD75133F3}.Debug|Any CPU.Build.0 = Debug|Any CPU
		{44CD1C7C-EB14-4A4B-9E06-434DD75133F3}.Release|Any CPU.ActiveCfg = Release|Any CPU
		{44CD1C7C-EB14-4A4B-9E06-434DD75133F3}.Release|Any CPU.Build.0 = Release|Any CPU
		{8FEB75AF-DC6B-4AB3-B26D-96EB0BBE94B7}.Debug|Any CPU.ActiveCfg = Debug|Any CPU
		{8FEB75AF-DC6B-4AB3-B26D-96EB0BBE94B7}.Debug|Any CPU.Build.0 = Debug|Any CPU
		{8FEB75AF-DC6B-4AB3-B26D-96EB0BBE94B7}.Release|Any CPU.ActiveCfg = Release|Any CPU
		{8FEB75AF-DC6B-4AB3-B26D-96EB0BBE94B7}.Release|Any CPU.Build.0 = Release|Any CPU
		{230B9BCE-94AA-4C38-8AA4-84961BA93516}.Debug|Any CPU.ActiveCfg = Debug|Any CPU
		{230B9BCE-94AA-4C38-8AA4-84961BA93516}.Debug|Any CPU.Build.0 = Debug|Any CPU
		{230B9BCE-94AA-4C38-8AA4-84961BA93516}.Release|Any CPU.ActiveCfg = Release|Any CPU
		{230B9BCE-94AA-4C38-8AA4-84961BA93516}.Release|Any CPU.Build.0 = Release|Any CPU
		{A77CFC4A-C4AF-43F1-AAE0-E9D99AD4A8B7}.Debug|Any CPU.ActiveCfg = Debug|Any CPU
		{A77CFC4A-C4AF-43F1-AAE0-E9D99AD4A8B7}.Debug|Any CPU.Build.0 = Debug|Any CPU
		{A77CFC4A-C4AF-43F1-AAE0-E9D99AD4A8B7}.Release|Any CPU.ActiveCfg = Release|Any CPU
		{A77CFC4A-C4AF-43F1-AAE0-E9D99AD4A8B7}.Release|Any CPU.Build.0 = Release|Any CPU
		{37BD11E6-F28B-454E-A4B6-0FD9B534762D}.Debug|Any CPU.ActiveCfg = Debug|Any CPU
		{37BD11E6-F28B-454E-A4B6-0FD9B534762D}.Debug|Any CPU.Build.0 = Debug|Any CPU
		{37BD11E6-F28B-454E-A4B6-0FD9B534762D}.Release|Any CPU.ActiveCfg = Release|Any CPU
		{37BD11E6-F28B-454E-A4B6-0FD9B534762D}.Release|Any CPU.Build.0 = Release|Any CPU
	EndGlobalSection
	GlobalSection(SolutionProperties) = preSolution
		HideSolutionNode = FALSE
	EndGlobalSection
	GlobalSection(ExtensibilityGlobals) = postSolution
		SolutionGuid = {7C339BC7-CD74-4B4E-B81F-B85A0164EFFC}
	EndGlobalSection
EndGlobal
